{
  "requires": true,
  "lockfileVersion": 1,
  "dependencies": {
    "bignumber.js": {
      "version": "4.1.0",
      "resolved": "http://registry.npm.taobao.org/bignumber.js/download/bignumber.js-4.1.0.tgz"
    },
    "bson": {
      "version": "file:http:/registry.npm.taobao.org/bson/download/bson-1.1.0.tgz"
    },
    "core-util-is": {
      "version": "file:http:/registry.npm.taobao.org/core-util-is/download/core-util-is-1.0.2.tgz"
    },
    "http": {
      "version": "0.0.0",
      "resolved": "https://registry.npmjs.org/http/-/http-0.0.0.tgz",
      "integrity": "sha1-huYybSnF0Dnen6xYSkVon5KfT3I="
    },
    "inherits": {
      "version": "file:http:/registry.npm.taobao.org/inherits/download/inherits-2.0.3.tgz"
    },
    "isarray": {
      "version": "file:http:/registry.npm.taobao.org/isarray/download/isarray-1.0.0.tgz"
    },
    "memory-pager": {
      "version": "file:http:/registry.npm.taobao.org/memory-pager/download/memory-pager-1.5.0.tgz"
    },
    "mongodb": {
      "version": "3.1.13",
      "resolved": "http://registry.npm.taobao.org/mongodb/download/mongodb-3.1.13.tgz",
      "requires": {
        "mongodb-core": "3.1.11",
        "safe-buffer": "^5.1.2"
      },
      "dependencies": {
        "mongodb-core": {
          "version": "http://registry.npm.taobao.org/mongodb-core/download/mongodb-core-3.1.11.tgz",
          "bundled": true
        },
        "safe-buffer": {
          "version": "http://registry.npm.taobao.org/safe-buffer/download/safe-buffer-5.1.2.tgz",
          "bundled": true
        }
      }
    },
    "mongodb-core": {
      "version": "3.1.11",
      "resolved": "http://registry.npm.taobao.org/mongodb-core/download/mongodb-core-3.1.11.tgz",
      "requires": {
        "bson": "^1.1.0",
        "require_optional": "^1.0.1",
        "safe-buffer": "^5.1.2",
        "saslprep": "^1.0.0"
      },
      "dependencies": {
        "bson": {
          "version": "http://registry.npm.taobao.org/bson/download/bson-1.1.0.tgz",
          "bundled": true
        },
        "require_optional": {
          "version": "http://registry.npm.taobao.org/require_optional/download/require_optional-1.0.1.tgz",
          "bundled": true
        },
        "safe-buffer": {
          "version": "http://registry.npm.taobao.org/safe-buffer/download/safe-buffer-5.1.2.tgz",
          "bundled": true
        },
        "saslprep": {
          "version": "http://registry.npm.taobao.org/saslprep/download/saslprep-1.0.2.tgz",
          "bundled": true
        }
      }
    },
    "mysql": {
      "version": "file:http:/registry.npm.taobao.org/mysql/download/mysql-2.16.0.tgz",
      "requires": {
        "bignumber.js": "4.1.0",
        "readable-stream": "2.3.6",
        "safe-buffer": "5.1.2",
        "sqlstring": "2.3.1"
      }
    },

    "process-nextick-args": {
      "version": "2.0.0",
      "resolved": "http://registry.npm.taobao.org/process-nextick-args/download/process-nextick-args-2.0.0.tgz"
    },
    "readable-stream": {
      "version": "2.3.6",
      "resolved": "http://registry.npm.taobao.org/readable-stream/download/readable-stream-2.3.6.tgz",
      "requires": {
        "core-util-is": "~1.0.0",
        "inherits": "~2.0.3",
        "isarray": "~1.0.0",
        "process-nextick-args": "~2.0.0",
        "safe-buffer": "~5.1.1",
        "string_decoder": "~1.1.1",
        "util-deprecate": "~1.0.1"
      }
    },
    "require_optional": {
      "version": "1.0.1",
      "resolved": "http://registry.npm.taobao.org/require_optional/download/require_optional-1.0.1.tgz",
      "requires": {
        "resolve-from": "^2.0.0",
        "semver": "^5.1.0"
      },
      "dependencies": {
        "resolve-from": {
          "version": "http://registry.npm.taobao.org/resolve-from/download/resolve-from-2.0.0.tgz",
          "bundled": true
        },
        "semver": {
          "version": "http://registry.npm.taobao.org/semver/download/semver-5.6.0.tgz",
          "bundled": true
        }
      }
    },
    "resolve-from": {
      "version": "file:http:/registry.npm.taobao.org/resolve-from/download/resolve-from-2.0.0.tgz"
    },
    "safe-buffer": {
      "version": "5.1.2",
      "resolved": "http://registry.npm.taobao.org/safe-buffer/download/safe-buffer-5.1.2.tgz"
    },
    "saslprep": {
      "version": "1.0.2",
      "resolved": "http://registry.npm.taobao.org/saslprep/download/saslprep-1.0.2.tgz",
      "requires": {
        "sparse-bitfield": "^3.0.3"
      },
      "dependencies": {
        "sparse-bitfield": {
          "version": "http://registry.npm.taobao.org/sparse-bitfield/download/sparse-bitfield-3.0.3.tgz",
          "bundled": true,
          "dependencies": {
            "memory-pager": {
              "version": "1.5.0",
              "resolved": "http://registry.npm.taobao.org/memory-pager/download/memory-pager-1.5.0.tgz"
            }
          }
        }
      }
    },
    "semver": {
      "version": "5.6.0",
      "resolved": "http://registry.npm.taobao.org/semver/download/semver-5.6.0.tgz"
    },
    "sparse-bitfield": {
      "version": "file:http:/registry.npm.taobao.org/sparse-bitfield/download/sparse-bitfield-3.0.3.tgz",
      "requires": {
        "memory-pager": "^1.0.2"
      },
      "dependencies": {
        "memory-pager": {
          "version": "1.5.0",
          "resolved": "http://registry.npm.taobao.org/memory-pager/download/memory-pager-1.5.0.tgz"
        }
      }
    },
    "sqlstring": {
      "version": "file:http:/registry.npm.taobao.org/sqlstring/download/sqlstring-2.3.1.tgz"
    },
    "string_decoder": {
      "version": "1.1.1",
      "resolved": "http://registry.npm.taobao.org/string_decoder/download/string_decoder-1.1.1.tgz",
      "requires": {
        "safe-buffer": "~5.1.0"
      },
      "dependencies": {
        "safe-buffer": {
          "version": "http://registry.npm.taobao.org/safe-buffer/download/safe-buffer-5.1.2.tgz",
          "bundled": true
        }
      }
    },
    "util-deprecate": {
      "version": "1.0.2",
      "resolved": "http://registry.npm.taobao.org/util-deprecate/download/util-deprecate-1.0.2.tgz"
    },
    "express-simple-server":{
      "version": "1.0.0",
      "description": "",
      "main": "express-simple-server.js",
      "scripts": {
        "test": "echo \"Error: no test specified\" && exit 1",
        "start": "node express-simple-server.js"
      },
      "keywords": [],
      "author": "",
      "license": "ISC",
      "dependencies": {
      "express": "^4.16.4",
      "express-handlebars": "^3.0.0"
  }
    }
  }
}

